
Microsoft Visual Studio Solution File, Format Version 12.00
# Visual Studio Version 16
VisualStudioVersion = 16.0.29509.3
MinimumVisualStudioVersion = 10.0.40219.1
Project("{9A19103F-16F7-4668-BE54-9A1E7A4F7556}") = "GraphQLNetCore", "GraphQLSample\GraphQLNetCore.csproj", "{4DD9D9A0-53C0-4A20-B500-CF669B27FFBB}"
EndProject
Project("{9A19103F-16F7-4668-BE54-9A1E7A4F7556}") = "GraphiQl", "GraphiQl\GraphiQl.csproj", "{A918AD0F-BA7A-42C0-8A44-5092E52EE894}"
EndProject
Global
	GlobalSection(SolutionConfigurationPlatforms) = preSolution
		Debug|Any CPU = Debug|Any CPU
		Release|Any CPU = Release|Any CPU
	EndGlobalSection
	GlobalSection(ProjectConfigurationPlatforms) = postSolution
		{4DD9D9A0-53C0-4A20-B500-CF669B27FFBB}.Debug|Any CPU.ActiveCfg = Debug|Any CPU
		{4DD9D9A0-53C0-4A20-B500-CF669B27FFBB}.Debug|Any CPU.Build.0 = Debug|Any CPU
		{4DD9D9A0-53C0-4A20-B500-CF669B27FFBB}.Release|Any CPU.ActiveCfg = Release|Any CPU
		{4DD9D9A0-53C0-4A20-B500-CF669B27FFBB}.Release|Any CPU.Build.0 = Release|Any CPU
		{A918AD0F-BA7A-42C0-8A44-5092E52EE894}.Debug|Any CPU.ActiveCfg = Debug|Any CPU
		{A918AD0F-BA7A-42C0-8A44-5092E52EE894}.Debug|Any CPU.Build.0 = Debug|Any CPU
		{A918AD0F-BA7A-42C0-8A44-5092E52EE894}.Release|Any CPU.ActiveCfg = Release|Any CPU
		{A918AD0F-BA7A-42C0-8A44-5092E52EE894}.Release|Any CPU.Build.0 = Release|Any CPU
	EndGlobalSection
	GlobalSection(SolutionProperties) = preSolution
		HideSolutionNode = FALSE
	EndGlobalSection
	GlobalSection(ExtensibilityGlobals) = postSolution
		SolutionGuid = {17999173-96E1-48DF-A0A3-4E4FD4A91725}
	EndGlobalSection
EndGlobal
